
Microsoft Visual Studio Solution File, Format Version 12.00
# Visual Studio Version 17
VisualStudioVersion = 17.0.32014.148
MinimumVisualStudioVersion = 10.0.40219.1
Project("{FAE04EC0-301F-11D3-BF4B-00C04F79EFBC}") = "WpfApp2 - Calculator", "WpfApp2 - Calculator\WpfApp2 - Calculator.csproj", "{E7098C97-B403-4D10-9D63-B65380C83ECF}"
EndProject
Global
	GlobalSection(SolutionConfigurationPlatforms) = preSolution
		Debug|Any CPU = Debug|Any CPU
		Release|Any CPU = Release|Any CPU
	EndGlobalSection
	GlobalSection(ProjectConfigurationPlatforms) = postSolution
		{E7098C97-B403-4D10-9D63-B65380C83ECF}.Debug|Any CPU.ActiveCfg = Debug|Any CPU
		{E7098C97-B403-4D10-9D63-B65380C83ECF}.Debug|Any CPU.Build.0 = Debug|Any CPU
		{E7098C97-B403-4D10-9D63-B65380C83ECF}.Release|Any CPU.ActiveCfg = Release|Any CPU
		{E7098C97-B403-4D10-9D63-B65380C83ECF}.Release|Any CPU.Build.0 = Release|Any CPU
	EndGlobalSection
	GlobalSection(SolutionProperties) = preSolution
		HideSolutionNode = FALSE
	EndGlobalSection
	GlobalSection(ExtensibilityGlobals) = postSolution
		SolutionGuid = {33096206-5410-425F-9B91-6776F28A4399}
	EndGlobalSection
EndGlobal
